lockfileVersion: '9.0'

settings:
  autoInstallPeers: true
  excludeLinksFromLockfile: false

importers:

  .: {}

  spikes/s4-opfs-concurrency:
    dependencies:
      '@sqlite.org/sqlite-wasm':
        specifier: 3.53.4-build1
        version: 3.53.4-build1

packages:

  '@sqlite.org/sqlite-wasm@3.53.4-build1':
    resolution: {integrity: sha512-U8pvL0patYHMgieD8JxxYJTlh9m1LUX8+BDYb7MiKQzBI89f2qbdmdcG/PvnPaLm9wsBbv4VlVG453ixnxBOnA==}
    engines: {node: '>=22'}

snapshots:

  '@sqlite.org/sqlite-wasm@3.53.4-build1': {}
